
Microsoft Visual Studio Solution File, Format Version 12.00
# Visual Studio Version 17
VisualStudioVersion = 17.9.34616.47
MinimumVisualStudioVersion = 10.0.40219.1
Project("{9A19103F-16F7-4668-BE54-9A1E7A4F7556}") = "bot", "bot\bot.csproj", "{C2194F1F-1C22-4CC8-97D3-1FFDACA656C8}"
EndProject
Project("{9A19103F-16F7-4668-BE54-9A1E7A4F7556}") = "api", "api\api.csproj", "{B7512520-7A6A-476D-8B80-52C70E0B0D10}"
EndProject
Project("{9A19103F-16F7-4668-BE54-9A1E7A4F7556}") = "cms", "cms\cms.csproj", "{B787D34B-F5EB-4B85-9368-D998840657F4}"
EndProject
Project("{FAE04EC0-301F-11D3-BF4B-00C04F79EFBC}") = "common", "..\..\lib\common\common.csproj", "{87DA2BCF-81B0-443C-8053-5EFEC1440BF1}"
EndProject
Global
	GlobalSection(SolutionConfigurationPlatforms) = preSolution
		Debug|Any CPU = Debug|Any CPU
		Release|Any CPU = Release|Any CPU
	EndGlobalSection
	GlobalSection(ProjectConfigurationPlatforms) = postSolution
		{C2194F1F-1C22-4CC8-97D3-1FFDACA656C8}.Debug|Any CPU.ActiveCfg = Debug|Any CPU
		{C2194F1F-1C22-4CC8-97D3-1FFDACA656C8}.Debug|Any CPU.Build.0 = Debug|Any CPU
		{C2194F1F-1C22-4CC8-97D3-1FFDACA656C8}.Release|Any CPU.ActiveCfg = Release|Any CPU
		{C2194F1F-1C22-4CC8-97D3-1FFDACA656C8}.Release|Any CPU.Build.0 = Release|Any CPU
		{B7512520-7A6A-476D-8B80-52C70E0B0D10}.Debug|Any CPU.ActiveCfg = Debug|Any CPU
		{B7512520-7A6A-476D-8B80-52C70E0B0D10}.Debug|Any CPU.Build.0 = Debug|Any CPU
		{B7512520-7A6A-476D-8B80-52C70E0B0D10}.Release|Any CPU.ActiveCfg = Release|Any CPU
		{B7512520-7A6A-476D-8B80-52C70E0B0D10}.Release|Any CPU.Build.0 = Release|Any CPU
		{B787D34B-F5EB-4B85-9368-D998840657F4}.Debug|Any CPU.ActiveCfg = Debug|Any CPU
		{B787D34B-F5EB-4B85-9368-D998840657F4}.Debug|Any CPU.Build.0 = Debug|Any CPU
		{B787D34B-F5EB-4B85-9368-D998840657F4}.Release|Any CPU.ActiveCfg = Release|Any CPU
		{B787D34B-F5EB-4B85-9368-D998840657F4}.Release|Any CPU.Build.0 = Release|Any CPU
		{87DA2BCF-81B0-443C-8053-5EFEC1440BF1}.Debug|Any CPU.ActiveCfg = Debug|Any CPU
		{87DA2BCF-81B0-443C-8053-5EFEC1440BF1}.Debug|Any CPU.Build.0 = Debug|Any CPU
		{87DA2BCF-81B0-443C-8053-5EFEC1440BF1}.Release|Any CPU.ActiveCfg = Release|Any CPU
		{87DA2BCF-81B0-443C-8053-5EFEC1440BF1}.Release|Any CPU.Build.0 = Release|Any CPU
	EndGlobalSection
	GlobalSection(SolutionProperties) = preSolution
		HideSolutionNode = FALSE
	EndGlobalSection
	GlobalSection(ExtensibilityGlobals) = postSolution
		SolutionGuid = {F594C12F-8958-4A1E-BD65-26164E6C1EF9}
	EndGlobalSection
EndGlobal
